
Microsoft Visual Studio Solution File, Format Version 12.00
# Visual Studio 15
VisualStudioVersion = 15.0.27130.2010
MinimumVisualStudioVersion = 10.0.40219.1
Project("{9A19103F-16F7-4668-BE54-9A1E7A4F7556}") = "Amaze.Coin", "Amaze.Coin\Amaze.Coin.csproj", "{A62F42DB-9793-4482-9544-71364376A03E}"
EndProject
Project("{9A19103F-16F7-4668-BE54-9A1E7A4F7556}") = "Amaze.Coin.Tests", "Amaze.Coin.Tests\Amaze.Coin.Tests.csproj", "{D109EBD7-342C-4832-9443-705B3ED9461F}"
EndProject
Project("{9A19103F-16F7-4668-BE54-9A1E7A4F7556}") = "Amaze.Coin.Api", "Amaze.Coin.Api\Amaze.Coin.Api.csproj", "{6802E9D3-496F-4366-9E95-D836FCD59103}"
EndProject
Global
	GlobalSection(SolutionConfigurationPlatforms) = preSolution
		Debug|Any CPU = Debug|Any CPU
		Release|Any CPU = Release|Any CPU
	EndGlobalSection
	GlobalSection(ProjectConfigurationPlatforms) = postSolution
		{A62F42DB-9793-4482-9544-71364376A03E}.Debug|Any CPU.ActiveCfg = Debug|Any CPU
		{A62F42DB-9793-4482-9544-71364376A03E}.Debug|Any CPU.Build.0 = Debug|Any CPU
		{A62F42DB-9793-4482-9544-71364376A03E}.Release|Any CPU.ActiveCfg = Release|Any CPU
		{A62F42DB-9793-4482-9544-71364376A03E}.Release|Any CPU.Build.0 = Release|Any CPU
		{D109EBD7-342C-4832-9443-705B3ED9461F}.Debug|Any CPU.ActiveCfg = Debug|Any CPU
		{D109EBD7-342C-4832-9443-705B3ED9461F}.Debug|Any CPU.Build.0 = Debug|Any CPU
		{D109EBD7-342C-4832-9443-705B3ED9461F}.Release|Any CPU.ActiveCfg = Release|Any CPU
		{D109EBD7-342C-4832-9443-705B3ED9461F}.Release|Any CPU.Build.0 = Release|Any CPU
		{6802E9D3-496F-4366-9E95-D836FCD59103}.Debug|Any CPU.ActiveCfg = Debug|Any CPU
		{6802E9D3-496F-4366-9E95-D836FCD59103}.Debug|Any CPU.Build.0 = Debug|Any CPU
		{6802E9D3-496F-4366-9E95-D836FCD59103}.Release|Any CPU.ActiveCfg = Release|Any CPU
		{6802E9D3-496F-4366-9E95-D836FCD59103}.Release|Any CPU.Build.0 = Release|Any CPU
	EndGlobalSection
	GlobalSection(SolutionProperties) = preSolution
		HideSolutionNode = FALSE
	EndGlobalSection
	GlobalSection(ExtensibilityGlobals) = postSolution
		SolutionGuid = {C9561864-CCFF-4D4F-ABBB-05BB52FD9546}
	EndGlobalSection
EndGlobal
